
Microsoft Visual Studio Solution File, Format Version 12.00
# Visual Studio 2017
Project("{FAE04EC0-301F-11D3-BF4B-00C04F79EFBC}") = "Capstone Project", "Capstone Project.csproj", "{92F59753-CAF7-7A77-9D27-EEF3318F026D}"
EndProject
Project("{FAE04EC0-301F-11D3-BF4B-00C04F79EFBC}") = "Capstone Project.Editor", "Capstone Project.Editor.csproj", "{CC75DE47-B68E-549D-14F2-39FA63961335}"
EndProject
Global
	GlobalSection(SolutionConfigurationPlatforms) = preSolution
		Debug|Any CPU = Debug|Any CPU
		Release|Any CPU = Release|Any CPU
	EndGlobalSection
	GlobalSection(ProjectConfigurationPlatforms) = postSolution
		{92F59753-CAF7-7A77-9D27-EEF3318F026D}.Debug|Any CPU.ActiveCfg = Debug|Any CPU
		{92F59753-CAF7-7A77-9D27-EEF3318F026D}.Debug|Any CPU.Build.0 = Debug|Any CPU
		{92F59753-CAF7-7A77-9D27-EEF3318F026D}.Release|Any CPU.ActiveCfg = Release|Any CPU
		{92F59753-CAF7-7A77-9D27-EEF3318F026D}.Release|Any CPU.Build.0 = Release|Any CPU
		{CC75DE47-B68E-549D-14F2-39FA63961335}.Debug|Any CPU.ActiveCfg = Debug|Any CPU
		{CC75DE47-B68E-549D-14F2-39FA63961335}.Debug|Any CPU.Build.0 = Debug|Any CPU
		{CC75DE47-B68E-549D-14F2-39FA63961335}.Release|Any CPU.ActiveCfg = Release|Any CPU
		{CC75DE47-B68E-549D-14F2-39FA63961335}.Release|Any CPU.Build.0 = Release|Any CPU
	EndGlobalSection
	GlobalSection(SolutionProperties) = preSolution
		HideSolutionNode = FALSE
	EndGlobalSection
EndGlobal
